// !$*UTF8*$!
{
	archiveVersion = 1;
	classes = {
	};
	objectVersion = 56;
	objects = {

/* Begin PBXBuildFile section */
		0FEEFE0659083667FFFB7902 /* libPods-EL3.a in Frameworks */ = {isa = PBXBuildFile; fileRef = 044598AB3C55BFCAED791AB3 /* libPods-EL3.a */; };
		46A7FF6E29B84A0E00F760BF /* LoginView.swift in Sources */ = {isa = PBXBuildFile; fileRef = 46A7FF6D29B84A0E00F760BF /* LoginView.swift */; };
		46A7FFAE29BD6A8000F760BF /* GoogleService-Info.plist in Resources */ = {isa = PBXBuildFile; fileRef = 46A7FFAD29BD6A8000F760BF /* GoogleService-Info.plist */; };
		46A7FFB129BE285400F760BF /* InitializationCode.swift in Sources */ = {isa = PBXBuildFile; fileRef = 46A7FFB029BE285400F760BF /* InitializationCode.swift */; };
		46ED6887296D338600777A55 /* EL3App.swift in Sources */ = {isa = PBXBuildFile; fileRef = 46ED6886296D338600777A55 /* EL3App.swift */; };
		46ED6889296D338600777A55 /* ContentView.swift in Sources */ = {isa = PBXBuildFile; fileRef = 46ED6888296D338600777A55 /* ContentView.swift */; };
		46ED688B296D338900777A55 /* Assets.xcassets in Resources */ = {isa = PBXBuildFile; fileRef = 46ED688A296D338900777A55 /* Assets.xcassets */; };
		46ED688E296D338900777A55 /* Preview Assets.xcassets in Resources */ = {isa = PBXBuildFile; fileRef = 46ED688D296D338900777A55 /* Preview Assets.xcassets */; };
		46ED6896296D33B900777A55 /* OpenAISwift in Frameworks */ = {isa = PBXBuildFile; productRef = 46ED6895296D33B900777A55 /* OpenAISwift */; };
/* End PBXBuildFile section */

/* Begin PBXFileReference section */
		044598AB3C55BFCAED791AB3 /* libPods-EL3.a */ = {isa = PBXFileReference; explicitFileType = archive.ar; includeInIndex = 0; path = "libPods-EL3.a"; sourceTree = BUILT_PRODUCTS_DIR; };
		4602D67429D8AD050039EB44 /* EL3-Info.plist */ = {isa = PBXFileReference; lastKnownFileType = text.plist.xml; path = "EL3-Info.plist"; sourceTree = "<group>"; };
		46A7FF6D29B84A0E00F760BF /* LoginView.swift */ = {isa = PBXFileReference; lastKnownFileType = sourcecode.swift; path = LoginView.swift; sourceTree = "<group>"; };
		46A7FFAD29BD6A8000F760BF /* GoogleService-Info.plist */ = {isa = PBXFileReference; fileEncoding = 4; lastKnownFileType = text.plist.xml; path = "GoogleService-Info.plist"; sourceTree = "<group>"; };
		46A7FFB029BE285400F760BF /* InitializationCode.swift */ = {isa = PBXFileReference; lastKnownFileType = sourcecode.swift; path = InitializationCode.swift; sourceTree = "<group>"; };
		46ED6883296D338600777A55 /* EL3.app */ = {isa = PBXFileReference; explicitFileType = wrapper.application; includeInIndex = 0; path = EL3.app; sourceTree = BUILT_PRODUCTS_DIR; };
		46ED6886296D338600777A55 /* EL3App.swift */ = {isa = PBXFileReference; lastKnownFileType = sourcecode.swift; path = EL3App.swift; sourceTree = "<group>"; };
		46ED6888296D338600777A55 /* ContentView.swift */ = {isa = PBXFileReference; lastKnownFileType = sourcecode.swift; path = ContentView.swift; sourceTree = "<group>"; };
		46ED688A296D338900777A55 /* Assets.xcassets */ = {isa = PBXFileReference; lastKnownFileType = folder.assetcatalog; path = Assets.xcassets; sourceTree = "<group>"; };
		46ED688D296D338900777A55 /* Preview Assets.xcassets */ = {isa = PBXFileReference; lastKnownFileType = folder.assetcatalog; path = "Preview Assets.xcassets"; sourceTree = "<group>"; };
		4E28B83D5A76BDAAF2441A9D /* Pods-EL3.debug.xcconfig */ = {isa = PBXFileReference; includeInIndex = 1; lastKnownFileType = text.xcconfig; name = "Pods-EL3.debug.xcconfig"; path = "Target Support Files/Pods-EL3/Pods-EL3.debug.xcconfig"; sourceTree = "<group>"; };
		828BDF76D2FAEFB185654959 /* Pods-EL3.release.xcconfig */ = {isa = PBXFileReference; includeInIndex = 1; lastKnownFileType = text.xcconfig; name = "Pods-EL3.release.xcconfig"; path = "Target Support Files/Pods-EL3/Pods-EL3.release.xcconfig"; sourceTree = "<group>"; };
/* End PBXFileReference section */

/* Begin PBXFrameworksBuildPhase section */
		46ED6880296D338600777A55 /* Frameworks */ = {
			isa = PBXFrameworksBuildPhase;
			buildActionMask = 2147483647;
			files = (
				46ED6896296D33B900777A55 /* OpenAISwift in Frameworks */,
				0FEEFE0659083667FFFB7902 /* libPods-EL3.a in Frameworks */,
			);
			runOnlyForDeploymentPostprocessing = 0;
		};
/* End PBXFrameworksBuildPhase section */

/* Begin PBXGroup section */
		0F5D38411970E6EB97563632 /* Pods */ = {
			isa = PBXGroup;
			children = (
				4E28B83D5A76BDAAF2441A9D /* Pods-EL3.debug.xcconfig */,
				828BDF76D2FAEFB185654959 /* Pods-EL3.release.xcconfig */,
			);
			path = Pods;
			sourceTree = "<group>";
		};
		145B3CD184FB1EC4F30200D9 /* Frameworks */ = {
			isa = PBXGroup;
			children = (
				044598AB3C55BFCAED791AB3 /* libPods-EL3.a */,
			);
			name = Frameworks;
			sourceTree = "<group>";
		};
		46ED687A296D338600777A55 = {
			isa = PBXGroup;
			children = (
				4602D67429D8AD050039EB44 /* EL3-Info.plist */,
				46ED6885296D338600777A55 /* EL3 */,
				46ED6884296D338600777A55 /* Products */,
				0F5D38411970E6EB97563632 /* Pods */,
				145B3CD184FB1EC4F30200D9 /* Frameworks */,
			);
			sourceTree = "<group>";
		};
		46ED6884296D338600777A55 /* Products */ = {
			isa = PBXGroup;
			children = (
				46ED6883296D338600777A55 /* EL3.app */,
			);
			name = Products;
			sourceTree = "<group>";
		};
		46ED6885296D338600777A55 /* EL3 */ = {
			isa = PBXGroup;
			children = (
				46ED6886296D338600777A55 /* EL3App.swift */,
				46ED6888296D338600777A55 /* ContentView.swift */,
				46A7FFB029BE285400F760BF /* InitializationCode.swift */,
				46A7FF6D29B84A0E00F760BF /* LoginView.swift */,
				46A7FFAD29BD6A8000F760BF /* GoogleService-Info.plist */,
				46ED688A296D338900777A55 /* Assets.xcassets */,
				46ED688C296D338900777A55 /* Preview Content */,
			);
			path = EL3;
			sourceTree = "<group>";
		};
		46ED688C296D338900777A55 /* Preview Content */ = {
			isa = PBXGroup;
			children = (
				46ED688D296D338900777A55 /* Preview Assets.xcassets */,
			);
			path = "Preview Content";
			sourceTree = "<group>";
		};
/* End PBXGroup section */

/* Begin PBXNativeTarget section */
		46ED6882296D338600777A55 /* EL3 */ = {
			isa = PBXNativeTarget;
			buildConfigurationList = 46ED6891296D338900777A55 /* Build configuration list for PBXNativeTarget "EL3" */;
			buildPhases = (
				69C31D864249D043C4CE4F7B /* [CP] Check Pods Manifest.lock */,
				46ED687F296D338600777A55 /* Sources */,
				46ED6880296D338600777A55 /* Frameworks */,
				46ED6881296D338600777A55 /* Resources */,
			);
			buildRules = (
			);
			dependencies = (
			);
			name = EL3;
			packageProductDependencies = (
				46ED6895296D33B900777A55 /* OpenAISwift */,
			);
			productName = EL3;
			productReference = 46ED6883296D338600777A55 /* EL3.app */;
			productType = "com.apple.product-type.application";
		};
/* End PBXNativeTarget section */

/* Begin PBXProject section */
		46ED687B296D338600777A55 /* Project object */ = {
			isa = PBXProject;
			attributes = {
				BuildIndependentTargetsInParallel = 1;
				LastSwiftUpdateCheck = 1420;
				LastUpgradeCheck = 1420;
				TargetAttributes = {
					46ED6882296D338600777A55 = {
						CreatedOnToolsVersion = 14.2;
					};
				};
			};
			buildConfigurationList = 46ED687E296D338600777A55 /* Build configuration list for PBXProject "EL3" */;
			compatibilityVersion = "Xcode 14.0";
			developmentRegion = en;
			hasScannedForEncodings = 0;
			knownRegions = (
				en,
				Base,
			);
			mainGroup = 46ED687A296D338600777A55;
			packageReferences = (
				46ED6894296D33B900777A55 /* XCRemoteSwiftPackageReference "OpenAISwift" */,
				46A7FFAF29BD6FC600F760BF /* XCRemoteSwiftPackageReference "firebase-ios-sdk" */,
			);
			productRefGroup = 46ED6884296D338600777A55 /* Products */;
			projectDirPath = "";
			projectRoot = "";
			targets = (
				46ED6882296D338600777A55 /* EL3 */,
			);
		};
/* End PBXProject section */

/* Begin PBXResourcesBuildPhase section */
		46ED6881296D338600777A55 /* Resources */ = {
			isa = PBXResourcesBuildPhase;
			buildActionMask = 2147483647;
			files = (
				46ED688E296D338900777A55 /* Preview Assets.xcassets in Resources */,
				46ED688B296D338900777A55 /* Assets.xcassets in Resources */,
				46A7FFAE29BD6A8000F760BF /* GoogleService-Info.plist in Resources */,
			);
			runOnlyForDeploymentPostprocessing = 0;
		};
/* End PBXResourcesBuildPhase section */

/* Begin PBXShellScriptBuildPhase section */
		69C31D864249D043C4CE4F7B /* [CP] Check Pods Manifest.lock */ = {
			isa = PBXShellScriptBuildPhase;
			buildActionMask = 8;
			files = (
			);
			inputFileListPaths = (
			);
			inputPaths = (
				"${PODS_PODFILE_DIR_PATH}/Podfile.lock",
				"${PODS_ROOT}/Manifest.lock",
			);
			name = "[CP] Check Pods Manifest.lock";
			outputFileListPaths = (
			);
			outputPaths = (
				"$(DERIVED_FILE_DIR)/Pods-EL3-checkManifestLockResult.txt",
			);
			runOnlyForDeploymentPostprocessing = 1;
			shellPath = /bin/sh;
			shellScript = "diff \"${PODS_PODFILE_DIR_PATH}/Podfile.lock\" \"${PODS_ROOT}/Manifest.lock\" > /dev/null\nif [ $? != 0 ] ; then\n    # print error to STDERR\n    echo \"error: The sandbox is not in sync with the Podfile.lock. Run 'pod install' or update your CocoaPods installation.\" >&2\n    exit 1\nfi\n# This output is used by Xcode 'outputs' to avoid re-running this script phase.\necho \"SUCCESS\" > \"${SCRIPT_OUTPUT_FILE_0}\"\n";
			showEnvVarsInLog = 0;
		};
/* End PBXShellScriptBuildPhase section */

/* Begin PBXSourcesBuildPhase section */
		46ED687F296D338600777A55 /* Sources */ = {
			isa = PBXSourcesBuildPhase;
			buildActionMask = 2147483647;
			files = (
				46A7FFB129BE285400F760BF /* InitializationCode.swift in Sources */,
				46A7FF6E29B84A0E00F760BF /* LoginView.swift in Sources */,
				46ED6889296D338600777A55 /* ContentView.swift in Sources */,
				46ED6887296D338600777A55 /* EL3App.swift in Sources */,
			);
			runOnlyForDeploymentPostprocessing = 0;
		};
/* End PBXSourcesBuildPhase section */

/* Begin XCBuildConfiguration section */
		46ED688F296D338900777A55 /* Debug */ = {
			isa = XCBuildConfiguration;
			buildSettings = {
				ALWAYS_SEARCH_USER_PATHS = NO;
				CLANG_ANALYZER_NONNULL = YES;
				CLANG_ANALYZER_NUMBER_OBJECT_CONVERSION = YES_AGGRESSIVE;
				CLANG_CXX_LANGUAGE_STANDARD = "gnu++20";
				CLANG_ENABLE_MODULES = YES;
				CLANG_ENABLE_OBJC_ARC = YES;
				CLANG_ENABLE_OBJC_WEAK = YES;
				CLANG_WARN_BLOCK_CAPTURE_AUTORELEASING = YES;
				CLANG_WARN_BOOL_CONVERSION = YES;
				CLANG_WARN_COMMA = YES;
				CLANG_WARN_CONSTANT_CONVERSION = YES;
				CLANG_WARN_DEPRECATED_OBJC_IMPLEMENTATIONS = YES;
				CLANG_WARN_DIRECT_OBJC_ISA_USAGE = YES_ERROR;
				CLANG_WARN_DOCUMENTATION_COMMENTS = YES;
				CLANG_WARN_EMPTY_BODY = YES;
				CLANG_WARN_ENUM_CONVERSION = YES;
				CLANG_WARN_INFINITE_RECURSION = YES;
				CLANG_WARN_INT_CONVERSION = YES;
				CLANG_WARN_NON_LITERAL_NULL_CONVERSION = YES;
				CLANG_WARN_OBJC_IMPLICIT_RETAIN_SELF = YES;
				CLANG_WARN_OBJC_LITERAL_CONVERSION = YES;
				CLANG_WARN_OBJC_ROOT_CLASS = YES_ERROR;
				CLANG_WARN_QUOTED_INCLUDE_IN_FRAMEWORK_HEADER = YES;
				CLANG_WARN_RANGE_LOOP_ANALYSIS = YES;
				CLANG_WARN_STRICT_PROTOTYPES = YES;
				CLANG_WARN_SUSPICIOUS_MOVE = YES;
				CLANG_WARN_UNGUARDED_AVAILABILITY = YES_AGGRESSIVE;
				CLANG_WARN_UNREACHABLE_CODE = YES;
				CLANG_WARN__DUPLICATE_METHOD_MATCH = YES;
				COPY_PHASE_STRIP = NO;
				DEBUG_INFORMATION_FORMAT = dwarf;
				ENABLE_STRICT_OBJC_MSGSEND = YES;
				ENABLE_TESTABILITY = YES;
				EXCLUDED_ARCHS = "$(inheirited)";
				GCC_C_LANGUAGE_STANDARD = gnu11;
				GCC_DYNAMIC_NO_PIC = NO;
				GCC_NO_COMMON_BLOCKS = YES;
				GCC_OPTIMIZATION_LEVEL = 0;
				GCC_PREPROCESSOR_DEFINITIONS = (
					"DEBUG=1",
					"$(inherited)",
				);
				GCC_WARN_64_TO_32_BIT_CONVERSION = YES;
				GCC_WARN_ABOUT_RETURN_TYPE = YES_ERROR;
				GCC_WARN_UNDECLARED_SELECTOR = YES;
				GCC_WARN_UNINITIALIZED_AUTOS = YES_AGGRESSIVE;
				GCC_WARN_UNUSED_FUNCTION = YES;
				GCC_WARN_UNUSED_VARIABLE = YES;
				IPHONEOS_DEPLOYMENT_TARGET = 16.2;
				MTL_ENABLE_DEBUG_INFO = INCLUDE_SOURCE;
				MTL_FAST_MATH = YES;
				ONLY_ACTIVE_ARCH = YES;
				SDKROOT = iphoneos;
				SWIFT_ACTIVE_COMPILATION_CONDITIONS = DEBUG;
				SWIFT_OPTIMIZATION_LEVEL = "-Onone";
			};
			name = Debug;
		};
		46ED6890296D338900777A55 /* Release */ = {
			isa = XCBuildConfiguration;
			buildSettings = {
				ALWAYS_SEARCH_USER_PATHS = NO;
				CLANG_ANALYZER_NONNULL = YES;
				CLANG_ANALYZER_NUMBER_OBJECT_CONVERSION = YES_AGGRESSIVE;
				CLANG_CXX_LANGUAGE_STANDARD = "gnu++20";
				CLANG_ENABLE_MODULES = YES;
				CLANG_ENABLE_OBJC_ARC = YES;
				CLANG_ENABLE_OBJC_WEAK = YES;
				CLANG_WARN_BLOCK_CAPTURE_AUTORELEASING = YES;
				CLANG_WARN_BOOL_CONVERSION = YES;
				CLANG_WARN_COMMA = YES;
				CLANG_WARN_CONSTANT_CONVERSION = YES;
				CLANG_WARN_DEPRECATED_OBJC_IMPLEMENTATIONS = YES;
				CLANG_WARN_DIRECT_OBJC_ISA_USAGE = YES_ERROR;
				CLANG_WARN_DOCUMENTATION_COMMENTS = YES;
				CLANG_WARN_EMPTY_BODY = YES;
				CLANG_WARN_ENUM_CONVERSION = YES;
				CLANG_WARN_INFINITE_RECURSION = YES;
				CLANG_WARN_INT_CONVERSION = YES;
				CLANG_WARN_NON_LITERAL_NULL_CONVERSION = YES;
				CLANG_WARN_OBJC_IMPLICIT_RETAIN_SELF = YES;
				CLANG_WARN_OBJC_LITERAL_CONVERSION = YES;
				CLANG_WARN_OBJC_ROOT_CLASS = YES_ERROR;
				CLANG_WARN_QUOTED_INCLUDE_IN_FRAMEWORK_HEADER = YES;
				CLANG_WARN_RANGE_LOOP_ANALYSIS = YES;
				CLANG_WARN_STRICT_PROTOTYPES = YES;
				CLANG_WARN_SUSPICIOUS_MOVE = YES;
				CLANG_WARN_UNGUARDED_AVAILABILITY = YES_AGGRESSIVE;
				CLANG_WARN_UNREACHABLE_CODE = YES;
				CLANG_WARN__DUPLICATE_METHOD_MATCH = YES;
				COPY_PHASE_STRIP = NO;
				DEBUG_INFORMATION_FORMAT = "dwarf-with-dsym";
				ENABLE_NS_ASSERTIONS = NO;
				ENABLE_STRICT_OBJC_MSGSEND = YES;
				EXCLUDED_ARCHS = "$(inheirited)";
				GCC_C_LANGUAGE_STANDARD = gnu11;
				GCC_NO_COMMON_BLOCKS = YES;
				GCC_WARN_64_TO_32_BIT_CONVERSION = YES;
				GCC_WARN_ABOUT_RETURN_TYPE = YES_ERROR;
				GCC_WARN_UNDECLARED_SELECTOR = YES;
				GCC_WARN_UNINITIALIZED_AUTOS = YES_AGGRESSIVE;
				GCC_WARN_UNUSED_FUNCTION = YES;
				GCC_WARN_UNUSED_VARIABLE = YES;
				IPHONEOS_DEPLOYMENT_TARGET = 16.2;
				MTL_ENABLE_DEBUG_INFO = NO;
				MTL_FAST_MATH = YES;
				SDKROOT = iphoneos;
				SWIFT_COMPILATION_MODE = wholemodule;
				SWIFT_OPTIMIZATION_LEVEL = "-O";
				VALIDATE_PRODUCT = YES;
			};
			name = Release;
		};
		46ED6892296D338900777A55 /* Debug */ = {
			isa = XCBuildConfiguration;
			baseConfigurationReference = 4E28B83D5A76BDAAF2441A9D /* Pods-EL3.debug.xcconfig */;
			buildSettings = {
				ASSETCATALOG_COMPILER_APPICON_NAME = AppIcon;
				ASSETCATALOG_COMPILER_GLOBAL_ACCENT_COLOR_NAME = AccentColor;
				CODE_SIGN_STYLE = Automatic;
				CURRENT_PROJECT_VERSION = 1;
				DEVELOPMENT_ASSET_PATHS = "\"EL3/Preview Content\"";
				DEVELOPMENT_TEAM = GYWURP5G4S;
				ENABLE_PREVIEWS = YES;
				GENERATE_INFOPLIST_FILE = YES;
				INFOPLIST_FILE = "EL3-Info.plist";
				INFOPLIST_KEY_CFBundleDisplayName = EL3;
				INFOPLIST_KEY_UIApplicationSceneManifest_Generation = YES;
				INFOPLIST_KEY_UIApplicationSupportsIndirectInputEvents = YES;
				INFOPLIST_KEY_UILaunchScreen_Generation = YES;
				INFOPLIST_KEY_UISupportedInterfaceOrientations_iPad = "UIInterfaceOrientationPortrait UIInterfaceOrientationPortraitUpsideDown UIInterfaceOrientationLandscapeLeft UIInterfaceOrientationLandscapeRight";
				INFOPLIST_KEY_UISupportedInterfaceOrientations_iPhone = "UIInterfaceOrientationPortrait UIInterfaceOrientationLandscapeLeft UIInterfaceOrientationLandscapeRight";
				LD_RUNPATH_SEARCH_PATHS = (
					"$(inherited)",
					"@executable_path/Frameworks",
				);
				MARKETING_VERSION = 1.0.5;
				PRODUCT_BUNDLE_IDENTIFIER = beyondconfident.com.ChatMate8;
				PRODUCT_NAME = "$(TARGET_NAME)";
				SWIFT_EMIT_LOC_STRINGS = YES;
				SWIFT_VERSION = 5.0;
				TARGETED_DEVICE_FAMILY = "1,2";
			};
			name = Debug;
		};
		46ED6893296D338900777A55 /* Release */ = {
			isa = XCBuildConfiguration;
			baseConfigurationReference = 828BDF76D2FAEFB185654959 /* Pods-EL3.release.xcconfig */;
			buildSettings = {
				ASSETCATALOG_COMPILER_APPICON_NAME = AppIcon;
				ASSETCATALOG_COMPILER_GLOBAL_ACCENT_COLOR_NAME = AccentColor;
				CODE_SIGN_STYLE = Automatic;
				CURRENT_PROJECT_VERSION = 1;
				DEVELOPMENT_ASSET_PATHS = "\"EL3/Preview Content\"";
				DEVELOPMENT_TEAM = GYWURP5G4S;
				ENABLE_PREVIEWS = YES;
				GENERATE_INFOPLIST_FILE = YES;
				INFOPLIST_FILE = "EL3-Info.plist";
				INFOPLIST_KEY_CFBundleDisplayName = EL3;
				INFOPLIST_KEY_UIApplicationSceneManifest_Generation = YES;
				INFOPLIST_KEY_UIApplicationSupportsIndirectInputEvents = YES;
				INFOPLIST_KEY_UILaunchScreen_Generation = YES;
				INFOPLIST_KEY_UISupportedInterfaceOrientations_iPad = "UIInterfaceOrientationPortrait UIInterfaceOrientationPortraitUpsideDown UIInterfaceOrientationLandscapeLeft UIInterfaceOrientationLandscapeRight";
				INFOPLIST_KEY_UISupportedInterfaceOrientations_iPhone = "UIInterfaceOrientationPortrait UIInterfaceOrientationLandscapeLeft UIInterfaceOrientationLandscapeRight";
				LD_RUNPATH_SEARCH_PATHS = (
					"$(inherited)",
					"@executable_path/Frameworks",
				);
				MARKETING_VERSION = 1.0.5;
				PRODUCT_BUNDLE_IDENTIFIER = beyondconfident.com.ChatMate8;
				PRODUCT_NAME = "$(TARGET_NAME)";
				SWIFT_EMIT_LOC_STRINGS = YES;
				SWIFT_VERSION = 5.0;
				TARGETED_DEVICE_FAMILY = "1,2";
			};
			name = Release;
		};
/* End XCBuildConfiguration section */

/* Begin XCConfigurationList section */
		46ED687E296D338600777A55 /* Build configuration list for PBXProject "EL3" */ = {
			isa = XCConfigurationList;
			buildConfigurations = (
				46ED688F296D338900777A55 /* Debug */,
				46ED6890296D338900777A55 /* Release */,
			);
			defaultConfigurationIsVisible = 0;
			defaultConfigurationName = Release;
		};
		46ED6891296D338900777A55 /* Build configuration list for PBXNativeTarget "EL3" */ = {
			isa = XCConfigurationList;
			buildConfigurations = (
				46ED6892296D338900777A55 /* Debug */,
				46ED6893296D338900777A55 /* Release */,
			);
			defaultConfigurationIsVisible = 0;
			defaultConfigurationName = Release;
		};
/* End XCConfigurationList section */

/* Begin XCRemoteSwiftPackageReference section */
		46A7FFAF29BD6FC600F760BF /* XCRemoteSwiftPackageReference "firebase-ios-sdk" */ = {
			isa = XCRemoteSwiftPackageReference;
			repositoryURL = "https://github.com/firebase/firebase-ios-sdk";
			requirement = {
				kind = upToNextMajorVersion;
				minimumVersion = 9.0.0;
			};
		};
		46ED6894296D33B900777A55 /* XCRemoteSwiftPackageReference "OpenAISwift" */ = {
			isa = XCRemoteSwiftPackageReference;
			repositoryURL = "https://github.com/adamrushy/OpenAISwift";
			requirement = {
				branch = main;
				kind = branch;
			};
		};
/* End XCRemoteSwiftPackageReference section */

/* Begin XCSwiftPackageProductDependency section */
		46ED6895296D33B900777A55 /* OpenAISwift */ = {
			isa = XCSwiftPackageProductDependency;
			package = 46ED6894296D33B900777A55 /* XCRemoteSwiftPackageReference "OpenAISwift" */;
			productName = OpenAISwift;
		};
/* End XCSwiftPackageProductDependency section */
	};
	rootObject = 46ED687B296D338600777A55 /* Project object */;
}
